
Microsoft Visual Studio Solution File, Format Version 12.00
# Visual Studio 15
VisualStudioVersion = 15.0.28307.1738
MinimumVisualStudioVersion = 10.0.40219.1
Project("{FAE04EC0-301F-11D3-BF4B-00C04F79EFBC}") = "Reist VS2017", "Reist VS2017\Reist VS2017.csproj", "{3F5AF048-5962-4F9A-BAE6-346C2D21F6B1}"
EndProject
Global
	GlobalSection(SolutionConfigurationPlatforms) = preSolution
		Debug|Any CPU = Debug|Any CPU
		Release|Any CPU = Release|Any CPU
	EndGlobalSection
	GlobalSection(ProjectConfigurationPlatforms) = postSolution
		{3F5AF048-5962-4F9A-BAE6-346C2D21F6B1}.Debug|Any CPU.ActiveCfg = Debug|Any CPU
		{3F5AF048-5962-4F9A-BAE6-346C2D21F6B1}.Debug|Any CPU.Build.0 = Debug|Any CPU
		{3F5AF048-5962-4F9A-BAE6-346C2D21F6B1}.Release|Any CPU.ActiveCfg = Release|Any CPU
		{3F5AF048-5962-4F9A-BAE6-346C2D21F6B1}.Release|Any CPU.Build.0 = Release|Any CPU
	EndGlobalSection
	GlobalSection(SolutionProperties) = preSolution
		HideSolutionNode = FALSE
	EndGlobalSection
	GlobalSection(ExtensibilityGlobals) = postSolution
		SolutionGuid = {BC78D9D4-F66F-40AE-8B78-36AA8A7B7BF6}
	EndGlobalSection
EndGlobal
